// !$*UTF8*$!
{
	archiveVersion = 1;
	classes = {
	};
	objectVersion = 55;
	objects = {

/* Begin PBXBuildFile section */
		BB24404628A880E4006EF635 /* AudioPlayer.swift in Sources */ = {isa = PBXBuildFile; fileRef = BB24404528A880E4006EF635 /* AudioPlayer.swift */; };
		BB7CFA6928A8099600B816E3 /* RestartApp.swift in Sources */ = {isa = PBXBuildFile; fileRef = BB7CFA6828A8099600B816E3 /* RestartApp.swift */; };
		BB7CFA6B28A8099600B816E3 /* ContentView.swift in Sources */ = {isa = PBXBuildFile; fileRef = BB7CFA6A28A8099600B816E3 /* ContentView.swift */; };
		BB7CFA6D28A8099800B816E3 /* Assets.xcassets in Resources */ = {isa = PBXBuildFile; fileRef = BB7CFA6C28A8099800B816E3 /* Assets.xcassets */; };
		BB7CFA7028A8099800B816E3 /* Preview Assets.xcassets in Resources */ = {isa = PBXBuildFile; fileRef = BB7CFA6F28A8099800B816E3 /* Preview Assets.xcassets */; };
		BB7CFA7828A80A8400B816E3 /* chimeup.mp3 in Resources */ = {isa = PBXBuildFile; fileRef = BB7CFA7628A80A8400B816E3 /* chimeup.mp3 */; };
		BB7CFA7928A80A8400B816E3 /* success.m4a in Resources */ = {isa = PBXBuildFile; fileRef = BB7CFA7728A80A8400B816E3 /* success.m4a */; };
		BB7CFA8028A81F7500B816E3 /* OnboardingView.swift in Sources */ = {isa = PBXBuildFile; fileRef = BB7CFA7F28A81F7500B816E3 /* OnboardingView.swift */; };
		BB7CFA8228A81F8D00B816E3 /* HomeView.swift in Sources */ = {isa = PBXBuildFile; fileRef = BB7CFA8128A81F8D00B816E3 /* HomeView.swift */; };
		BB7CFA8428A83C9100B816E3 /*  CircleGroupView.swift in Sources */ = {isa = PBXBuildFile; fileRef = BB7CFA8328A83C9100B816E3 /*  CircleGroupView.swift */; };
/* End PBXBuildFile section */

/* Begin PBXFileReference section */
		BB24404528A880E4006EF635 /* AudioPlayer.swift */ = {isa = PBXFileReference; lastKnownFileType = sourcecode.swift; path = AudioPlayer.swift; sourceTree = "<group>"; };
		BB7CFA6528A8099600B816E3 /* Restart.app */ = {isa = PBXFileReference; explicitFileType = wrapper.application; includeInIndex = 0; path = Restart.app; sourceTree = BUILT_PRODUCTS_DIR; };
		BB7CFA6828A8099600B816E3 /* RestartApp.swift */ = {isa = PBXFileReference; lastKnownFileType = sourcecode.swift; path = RestartApp.swift; sourceTree = "<group>"; };
		BB7CFA6A28A8099600B816E3 /* ContentView.swift */ = {isa = PBXFileReference; lastKnownFileType = sourcecode.swift; path = ContentView.swift; sourceTree = "<group>"; };
		BB7CFA6C28A8099800B816E3 /* Assets.xcassets */ = {isa = PBXFileReference; lastKnownFileType = folder.assetcatalog; path = Assets.xcassets; sourceTree = "<group>"; };
		BB7CFA6F28A8099800B816E3 /* Preview Assets.xcassets */ = {isa = PBXFileReference; lastKnownFileType = folder.assetcatalog; path = "Preview Assets.xcassets"; sourceTree = "<group>"; };
		BB7CFA7628A80A8400B816E3 /* chimeup.mp3 */ = {isa = PBXFileReference; lastKnownFileType = audio.mp3; path = chimeup.mp3; sourceTree = "<group>"; };
		BB7CFA7728A80A8400B816E3 /* success.m4a */ = {isa = PBXFileReference; lastKnownFileType = file; path = success.m4a; sourceTree = "<group>"; };
		BB7CFA7E28A81B5400B816E3 /* Info.plist */ = {isa = PBXFileReference; lastKnownFileType = text.plist; path = Info.plist; sourceTree = "<group>"; };
		BB7CFA7F28A81F7500B816E3 /* OnboardingView.swift */ = {isa = PBXFileReference; lastKnownFileType = sourcecode.swift; path = OnboardingView.swift; sourceTree = "<group>"; };
		BB7CFA8128A81F8D00B816E3 /* HomeView.swift */ = {isa = PBXFileReference; lastKnownFileType = sourcecode.swift; path = HomeView.swift; sourceTree = "<group>"; };
		BB7CFA8328A83C9100B816E3 /*  CircleGroupView.swift */ = {isa = PBXFileReference; lastKnownFileType = sourcecode.swift; path = " CircleGroupView.swift"; sourceTree = "<group>"; };
/* End PBXFileReference section */

/* Begin PBXFrameworksBuildPhase section */
		BB7CFA6228A8099600B816E3 /* Frameworks */ = {
			isa = PBXFrameworksBuildPhase;
			buildActionMask = 2147483647;
			files = (
			);
			runOnlyForDeploymentPostprocessing = 0;
		};
/* End PBXFrameworksBuildPhase section */

/* Begin PBXGroup section */
		BB7CFA5C28A8099600B816E3 = {
			isa = PBXGroup;
			children = (
				BB7CFA6728A8099600B816E3 /* Restart */,
				BB7CFA6628A8099600B816E3 /* Products */,
			);
			sourceTree = "<group>";
		};
		BB7CFA6628A8099600B816E3 /* Products */ = {
			isa = PBXGroup;
			children = (
				BB7CFA6528A8099600B816E3 /* Restart.app */,
			);
			name = Products;
			sourceTree = "<group>";
		};
		BB7CFA6728A8099600B816E3 /* Restart */ = {
			isa = PBXGroup;
			children = (
				BB7CFA7E28A81B5400B816E3 /* Info.plist */,
				BB7CFA7D28A8197600B816E3 /* Utilities */,
				BB7CFA7C28A8195000B816E3 /* Views */,
				BB7CFA7A28A80A8D00B816E3 /* Sounds */,
				BB7CFA6828A8099600B816E3 /* RestartApp.swift */,
				BB7CFA7B28A8193500B816E3 /* Screens */,
				BB7CFA6C28A8099800B816E3 /* Assets.xcassets */,
				BB7CFA6E28A8099800B816E3 /* Preview Content */,
			);
			path = Restart;
			sourceTree = "<group>";
		};
		BB7CFA6E28A8099800B816E3 /* Preview Content */ = {
			isa = PBXGroup;
			children = (
				BB7CFA6F28A8099800B816E3 /* Preview Assets.xcassets */,
			);
			path = "Preview Content";
			sourceTree = "<group>";
		};
		BB7CFA7A28A80A8D00B816E3 /* Sounds */ = {
			isa = PBXGroup;
			children = (
				BB7CFA7628A80A8400B816E3 /* chimeup.mp3 */,
				BB7CFA7728A80A8400B816E3 /* success.m4a */,
			);
			path = Sounds;
			sourceTree = "<group>";
		};
		BB7CFA7B28A8193500B816E3 /* Screens */ = {
			isa = PBXGroup;
			children = (
				BB7CFA6A28A8099600B816E3 /* ContentView.swift */,
				BB7CFA7F28A81F7500B816E3 /* OnboardingView.swift */,
				BB7CFA8128A81F8D00B816E3 /* HomeView.swift */,
			);
			path = Screens;
			sourceTree = "<group>";
		};
		BB7CFA7C28A8195000B816E3 /* Views */ = {
			isa = PBXGroup;
			children = (
				BB7CFA8328A83C9100B816E3 /*  CircleGroupView.swift */,
			);
			path = Views;
			sourceTree = "<group>";
		};
		BB7CFA7D28A8197600B816E3 /* Utilities */ = {
			isa = PBXGroup;
			children = (
				BB24404528A880E4006EF635 /* AudioPlayer.swift */,
			);
			path = Utilities;
			sourceTree = "<group>";
		};
/* End PBXGroup section */

/* Begin PBXNativeTarget section */
		BB7CFA6428A8099600B816E3 /* Restart */ = {
			isa = PBXNativeTarget;
			buildConfigurationList = BB7CFA7328A8099800B816E3 /* Build configuration list for PBXNativeTarget "Restart" */;
			buildPhases = (
				BB7CFA6128A8099600B816E3 /* Sources */,
				BB7CFA6228A8099600B816E3 /* Frameworks */,
				BB7CFA6328A8099600B816E3 /* Resources */,
			);
			buildRules = (
			);
			dependencies = (
			);
			name = Restart;
			productName = Restart;
			productReference = BB7CFA6528A8099600B816E3 /* Restart.app */;
			productType = "com.apple.product-type.application";
		};
/* End PBXNativeTarget section */

/* Begin PBXProject section */
		BB7CFA5D28A8099600B816E3 /* Project object */ = {
			isa = PBXProject;
			attributes = {
				BuildIndependentTargetsInParallel = 1;
				LastSwiftUpdateCheck = 1340;
				LastUpgradeCheck = 1340;
				TargetAttributes = {
					BB7CFA6428A8099600B816E3 = {
						CreatedOnToolsVersion = 13.4.1;
					};
				};
			};
			buildConfigurationList = BB7CFA6028A8099600B816E3 /* Build configuration list for PBXProject "Restart" */;
			compatibilityVersion = "Xcode 13.0";
			developmentRegion = en;
			hasScannedForEncodings = 0;
			knownRegions = (
				en,
				Base,
			);
			mainGroup = BB7CFA5C28A8099600B816E3;
			productRefGroup = BB7CFA6628A8099600B816E3 /* Products */;
			projectDirPath = "";
			projectRoot = "";
			targets = (
				BB7CFA6428A8099600B816E3 /* Restart */,
			);
		};
/* End PBXProject section */

/* Begin PBXResourcesBuildPhase section */
		BB7CFA6328A8099600B816E3 /* Resources */ = {
			isa = PBXResourcesBuildPhase;
			buildActionMask = 2147483647;
			files = (
				BB7CFA7928A80A8400B816E3 /* success.m4a in Resources */,
				BB7CFA7828A80A8400B816E3 /* chimeup.mp3 in Resources */,
				BB7CFA7028A8099800B816E3 /* Preview Assets.xcassets in Resources */,
				BB7CFA6D28A8099800B816E3 /* Assets.xcassets in Resources */,
			);
			runOnlyForDeploymentPostprocessing = 0;
		};
/* End PBXResourcesBuildPhase section */

/* Begin PBXSourcesBuildPhase section */
		BB7CFA6128A8099600B816E3 /* Sources */ = {
			isa = PBXSourcesBuildPhase;
			buildActionMask = 2147483647;
			files = (
				BB7CFA8028A81F7500B816E3 /* OnboardingView.swift in Sources */,
				BB7CFA8228A81F8D00B816E3 /* HomeView.swift in Sources */,
				BB7CFA6B28A8099600B816E3 /* ContentView.swift in Sources */,
				BB7CFA8428A83C9100B816E3 /*  CircleGroupView.swift in Sources */,
				BB7CFA6928A8099600B816E3 /* RestartApp.swift in Sources */,
				BB24404628A880E4006EF635 /* AudioPlayer.swift in Sources */,
			);
			runOnlyForDeploymentPostprocessing = 0;
		};
/* End PBXSourcesBuildPhase section */

/* Begin XCBuildConfiguration section */
		BB7CFA7128A8099800B816E3 /* Debug */ = {
			isa = XCBuildConfiguration;
			buildSettings = {
				ALWAYS_SEARCH_USER_PATHS = NO;
				CLANG_ANALYZER_NONNULL = YES;
				CLANG_ANALYZER_NUMBER_OBJECT_CONVERSION = YES_AGGRESSIVE;
				CLANG_CXX_LANGUAGE_STANDARD = "gnu++17";
				CLANG_ENABLE_MODULES = YES;
				CLANG_ENABLE_OBJC_ARC = YES;
				CLANG_ENABLE_OBJC_WEAK = YES;
				CLANG_WARN_BLOCK_CAPTURE_AUTORELEASING = YES;
				CLANG_WARN_BOOL_CONVERSION = YES;
				CLANG_WARN_COMMA = YES;
				CLANG_WARN_CONSTANT_CONVERSION = YES;
				CLANG_WARN_DEPRECATED_OBJC_IMPLEMENTATIONS = YES;
				CLANG_WARN_DIRECT_OBJC_ISA_USAGE = YES_ERROR;
				CLANG_WARN_DOCUMENTATION_COMMENTS = YES;
				CLANG_WARN_EMPTY_BODY = YES;
				CLANG_WARN_ENUM_CONVERSION = YES;
				CLANG_WARN_INFINITE_RECURSION = YES;
				CLANG_WARN_INT_CONVERSION = YES;
				CLANG_WARN_NON_LITERAL_NULL_CONVERSION = YES;
				CLANG_WARN_OBJC_IMPLICIT_RETAIN_SELF = YES;
				CLANG_WARN_OBJC_LITERAL_CONVERSION = YES;
				CLANG_WARN_OBJC_ROOT_CLASS = YES_ERROR;
				CLANG_WARN_QUOTED_INCLUDE_IN_FRAMEWORK_HEADER = YES;
				CLANG_WARN_RANGE_LOOP_ANALYSIS = YES;
				CLANG_WARN_STRICT_PROTOTYPES = YES;
				CLANG_WARN_SUSPICIOUS_MOVE = YES;
				CLANG_WARN_UNGUARDED_AVAILABILITY = YES_AGGRESSIVE;
				CLANG_WARN_UNREACHABLE_CODE = YES;
				CLANG_WARN__DUPLICATE_METHOD_MATCH = YES;
				COPY_PHASE_STRIP = NO;
				DEBUG_INFORMATION_FORMAT = dwarf;
				ENABLE_STRICT_OBJC_MSGSEND = YES;
				ENABLE_TESTABILITY = YES;
				GCC_C_LANGUAGE_STANDARD = gnu11;
				GCC_DYNAMIC_NO_PIC = NO;
				GCC_NO_COMMON_BLOCKS = YES;
				GCC_OPTIMIZATION_LEVEL = 0;
				GCC_PREPROCESSOR_DEFINITIONS = (
					"DEBUG=1",
					"$(inherited)",
				);
				GCC_WARN_64_TO_32_BIT_CONVERSION = YES;
				GCC_WARN_ABOUT_RETURN_TYPE = YES_ERROR;
				GCC_WARN_UNDECLARED_SELECTOR = YES;
				GCC_WARN_UNINITIALIZED_AUTOS = YES_AGGRESSIVE;
				GCC_WARN_UNUSED_FUNCTION = YES;
				GCC_WARN_UNUSED_VARIABLE = YES;
				IPHONEOS_DEPLOYMENT_TARGET = 15.5;
				MTL_ENABLE_DEBUG_INFO = INCLUDE_SOURCE;
				MTL_FAST_MATH = YES;
				ONLY_ACTIVE_ARCH = YES;
				SDKROOT = iphoneos;
				SWIFT_ACTIVE_COMPILATION_CONDITIONS = DEBUG;
				SWIFT_OPTIMIZATION_LEVEL = "-Onone";
			};
			name = Debug;
		};
		BB7CFA7228A8099800B816E3 /* Release */ = {
			isa = XCBuildConfiguration;
			buildSettings = {
				ALWAYS_SEARCH_USER_PATHS = NO;
				CLANG_ANALYZER_NONNULL = YES;
				CLANG_ANALYZER_NUMBER_OBJECT_CONVERSION = YES_AGGRESSIVE;
				CLANG_CXX_LANGUAGE_STANDARD = "gnu++17";
				CLANG_ENABLE_MODULES = YES;
				CLANG_ENABLE_OBJC_ARC = YES;
				CLANG_ENABLE_OBJC_WEAK = YES;
				CLANG_WARN_BLOCK_CAPTURE_AUTORELEASING = YES;
				CLANG_WARN_BOOL_CONVERSION = YES;
				CLANG_WARN_COMMA = YES;
				CLANG_WARN_CONSTANT_CONVERSION = YES;
				CLANG_WARN_DEPRECATED_OBJC_IMPLEMENTATIONS = YES;
				CLANG_WARN_DIRECT_OBJC_ISA_USAGE = YES_ERROR;
				CLANG_WARN_DOCUMENTATION_COMMENTS = YES;
				CLANG_WARN_EMPTY_BODY = YES;
				CLANG_WARN_ENUM_CONVERSION = YES;
				CLANG_WARN_INFINITE_RECURSION = YES;
				CLANG_WARN_INT_CONVERSION = YES;
				CLANG_WARN_NON_LITERAL_NULL_CONVERSION = YES;
				CLANG_WARN_OBJC_IMPLICIT_RETAIN_SELF = YES;
				CLANG_WARN_OBJC_LITERAL_CONVERSION = YES;
				CLANG_WARN_OBJC_ROOT_CLASS = YES_ERROR;
				CLANG_WARN_QUOTED_INCLUDE_IN_FRAMEWORK_HEADER = YES;
				CLANG_WARN_RANGE_LOOP_ANALYSIS = YES;
				CLANG_WARN_STRICT_PROTOTYPES = YES;
				CLANG_WARN_SUSPICIOUS_MOVE = YES;
				CLANG_WARN_UNGUARDED_AVAILABILITY = YES_AGGRESSIVE;
				CLANG_WARN_UNREACHABLE_CODE = YES;
				CLANG_WARN__DUPLICATE_METHOD_MATCH = YES;
				COPY_PHASE_STRIP = NO;
				DEBUG_INFORMATION_FORMAT = "dwarf-with-dsym";
				ENABLE_NS_ASSERTIONS = NO;
				ENABLE_STRICT_OBJC_MSGSEND = YES;
				GCC_C_LANGUAGE_STANDARD = gnu11;
				GCC_NO_COMMON_BLOCKS = YES;
				GCC_WARN_64_TO_32_BIT_CONVERSION = YES;
				GCC_WARN_ABOUT_RETURN_TYPE = YES_ERROR;
				GCC_WARN_UNDECLARED_SELECTOR = YES;
				GCC_WARN_UNINITIALIZED_AUTOS = YES_AGGRESSIVE;
				GCC_WARN_UNUSED_FUNCTION = YES;
				GCC_WARN_UNUSED_VARIABLE = YES;
				IPHONEOS_DEPLOYMENT_TARGET = 15.5;
				MTL_ENABLE_DEBUG_INFO = NO;
				MTL_FAST_MATH = YES;
				SDKROOT = iphoneos;
				SWIFT_COMPILATION_MODE = wholemodule;
				SWIFT_OPTIMIZATION_LEVEL = "-O";
				VALIDATE_PRODUCT = YES;
			};
			name = Release;
		};
		BB7CFA7428A8099800B816E3 /* Debug */ = {
			isa = XCBuildConfiguration;
			buildSettings = {
				ASSETCATALOG_COMPILER_APPICON_NAME = AppIcon;
				ASSETCATALOG_COMPILER_GLOBAL_ACCENT_COLOR_NAME = AccentColor;
				CODE_SIGN_STYLE = Automatic;
				CURRENT_PROJECT_VERSION = 1;
				DEVELOPMENT_ASSET_PATHS = "\"Restart/Preview Content\"";
				DEVELOPMENT_TEAM = 2W7BNLV9XP;
				ENABLE_PREVIEWS = YES;
				GENERATE_INFOPLIST_FILE = YES;
				INFOPLIST_FILE = Restart/Info.plist;
				INFOPLIST_KEY_UIApplicationSceneManifest_Generation = YES;
				INFOPLIST_KEY_UIApplicationSupportsIndirectInputEvents = YES;
				INFOPLIST_KEY_UISupportedInterfaceOrientations = UIInterfaceOrientationPortrait;
				INFOPLIST_KEY_UISupportedInterfaceOrientations_iPad = "UIInterfaceOrientationPortrait UIInterfaceOrientationPortraitUpsideDown UIInterfaceOrientationLandscapeLeft UIInterfaceOrientationLandscapeRight";
				INFOPLIST_KEY_UISupportedInterfaceOrientations_iPhone = UIInterfaceOrientationPortrait;
				LD_RUNPATH_SEARCH_PATHS = (
					"$(inherited)",
					"@executable_path/Frameworks",
				);
				MARKETING_VERSION = 1.0;
				PRODUCT_BUNDLE_IDENTIFIER = com.nesvud.Restart;
				PRODUCT_NAME = "$(TARGET_NAME)";
				SWIFT_EMIT_LOC_STRINGS = YES;
				SWIFT_VERSION = 5.0;
				TARGETED_DEVICE_FAMILY = "1,2";
			};
			name = Debug;
		};
		BB7CFA7528A8099800B816E3 /* Release */ = {
			isa = XCBuildConfiguration;
			buildSettings = {
				ASSETCATALOG_COMPILER_APPICON_NAME = AppIcon;
				ASSETCATALOG_COMPILER_GLOBAL_ACCENT_COLOR_NAME = AccentColor;
				CODE_SIGN_STYLE = Automatic;
				CURRENT_PROJECT_VERSION = 1;
				DEVELOPMENT_ASSET_PATHS = "\"Restart/Preview Content\"";
				DEVELOPMENT_TEAM = 2W7BNLV9XP;
				ENABLE_PREVIEWS = YES;
				GENERATE_INFOPLIST_FILE = YES;
				INFOPLIST_FILE = Restart/Info.plist;
				INFOPLIST_KEY_UIApplicationSceneManifest_Generation = YES;
				INFOPLIST_KEY_UIApplicationSupportsIndirectInputEvents = YES;
				INFOPLIST_KEY_UISupportedInterfaceOrientations = UIInterfaceOrientationPortrait;
				INFOPLIST_KEY_UISupportedInterfaceOrientations_iPad = "UIInterfaceOrientationPortrait UIInterfaceOrientationPortraitUpsideDown UIInterfaceOrientationLandscapeLeft UIInterfaceOrientationLandscapeRight";
				INFOPLIST_KEY_UISupportedInterfaceOrientations_iPhone = UIInterfaceOrientationPortrait;
				LD_RUNPATH_SEARCH_PATHS = (
					"$(inherited)",
					"@executable_path/Frameworks",
				);
				MARKETING_VERSION = 1.0;
				PRODUCT_BUNDLE_IDENTIFIER = com.nesvud.Restart;
				PRODUCT_NAME = "$(TARGET_NAME)";
				SWIFT_EMIT_LOC_STRINGS = YES;
				SWIFT_VERSION = 5.0;
				TARGETED_DEVICE_FAMILY = "1,2";
			};
			name = Release;
		};
/* End XCBuildConfiguration section */

/* Begin XCConfigurationList section */
		BB7CFA6028A8099600B816E3 /* Build configuration list for PBXProject "Restart" */ = {
			isa = XCConfigurationList;
			buildConfigurations = (
				BB7CFA7128A8099800B816E3 /* Debug */,
				BB7CFA7228A8099800B816E3 /* Release */,
			);
			defaultConfigurationIsVisible = 0;
			defaultConfigurationName = Release;
		};
		BB7CFA7328A8099800B816E3 /* Build configuration list for PBXNativeTarget "Restart" */ = {
			isa = XCConfigurationList;
			buildConfigurations = (
				BB7CFA7428A8099800B816E3 /* Debug */,
				BB7CFA7528A8099800B816E3 /* Release */,
			);
			defaultConfigurationIsVisible = 0;
			defaultConfigurationName = Release;
		};
/* End XCConfigurationList section */
	};
	rootObject = BB7CFA5D28A8099600B816E3 /* Project object */;
}
